// !$*UTF8*$!
{
	archiveVersion = 1;
	classes = {
	};
	objectVersion = 51;
	objects = {

/* Begin PBXBuildFile section */
		89990D926AE5266B4692941B /* Pods_GuessTheFlag.framework in Frameworks */ = {isa = PBXBuildFile; fileRef = 66FBCCA55CBFC770F7F9CA5A /* Pods_GuessTheFlag.framework */; };
		CD28C78923DD9E60007595CC /* GameData.swift in Sources */ = {isa = PBXBuildFile; fileRef = CD28C78823DD9E60007595CC /* GameData.swift */; };
		CD28C78B23DD9EC5007595CC /* Shake.swift in Sources */ = {isa = PBXBuildFile; fileRef = CD28C78A23DD9EC5007595CC /* Shake.swift */; };
		CD28C78E23DD9F5F007595CC /* FlagImage.swift in Sources */ = {isa = PBXBuildFile; fileRef = CD28C78D23DD9F5F007595CC /* FlagImage.swift */; };
		CD28C79023DDA0B8007595CC /* ContentView.swift in Sources */ = {isa = PBXBuildFile; fileRef = CD28C78F23DDA0B8007595CC /* ContentView.swift */; };
		CD845ED123A57EBF002F5407 /* AppDelegate.swift in Sources */ = {isa = PBXBuildFile; fileRef = CD845ED023A57EBF002F5407 /* AppDelegate.swift */; };
		CD845ED323A57EBF002F5407 /* SceneDelegate.swift in Sources */ = {isa = PBXBuildFile; fileRef = CD845ED223A57EBF002F5407 /* SceneDelegate.swift */; };
		CD845ED723A57EBF002F5407 /* Assets.xcassets in Resources */ = {isa = PBXBuildFile; fileRef = CD845ED623A57EBF002F5407 /* Assets.xcassets */; };
		CD845EDA23A57EBF002F5407 /* Preview Assets.xcassets in Resources */ = {isa = PBXBuildFile; fileRef = CD845ED923A57EBF002F5407 /* Preview Assets.xcassets */; };
		CD845EDD23A57EBF002F5407 /* LaunchScreen.storyboard in Resources */ = {isa = PBXBuildFile; fileRef = CD845EDB23A57EBF002F5407 /* LaunchScreen.storyboard */; };
		CD9CBC8623DCC06F006DFDFF /* GADBannerViewController.swift in Sources */ = {isa = PBXBuildFile; fileRef = CD9CBC8523DCC06F006DFDFF /* GADBannerViewController.swift */; };
/* End PBXBuildFile section */

/* Begin PBXFileReference section */
		669E997B769C9B84130A403F /* Pods-GuessTheFlag.debug.xcconfig */ = {isa = PBXFileReference; includeInIndex = 1; lastKnownFileType = text.xcconfig; name = "Pods-GuessTheFlag.debug.xcconfig"; path = "Target Support Files/Pods-GuessTheFlag/Pods-GuessTheFlag.debug.xcconfig"; sourceTree = "<group>"; };
		66FBCCA55CBFC770F7F9CA5A /* Pods_GuessTheFlag.framework */ = {isa = PBXFileReference; explicitFileType = wrapper.framework; includeInIndex = 0; path = Pods_GuessTheFlag.framework; sourceTree = BUILT_PRODUCTS_DIR; };
		A8CB0C6EDA4FF97C5AACCFA2 /* Pods-GuessTheFlag.release.xcconfig */ = {isa = PBXFileReference; includeInIndex = 1; lastKnownFileType = text.xcconfig; name = "Pods-GuessTheFlag.release.xcconfig"; path = "Target Support Files/Pods-GuessTheFlag/Pods-GuessTheFlag.release.xcconfig"; sourceTree = "<group>"; };
		CD28C78823DD9E60007595CC /* GameData.swift */ = {isa = PBXFileReference; lastKnownFileType = sourcecode.swift; path = GameData.swift; sourceTree = "<group>"; };
		CD28C78A23DD9EC5007595CC /* Shake.swift */ = {isa = PBXFileReference; lastKnownFileType = sourcecode.swift; path = Shake.swift; sourceTree = "<group>"; };
		CD28C78D23DD9F5F007595CC /* FlagImage.swift */ = {isa = PBXFileReference; lastKnownFileType = sourcecode.swift; name = FlagImage.swift; path = /Users/moritzschaub/Documents/100DaysswiftUi/GuessTheFlag/GuessTheFlag/Models/FlagImage.swift; sourceTree = "<absolute>"; };
		CD28C78F23DDA0B8007595CC /* ContentView.swift */ = {isa = PBXFileReference; lastKnownFileType = sourcecode.swift; path = ContentView.swift; sourceTree = "<group>"; };
		CD845ECD23A57EBF002F5407 /* GuessTheFlag.app */ = {isa = PBXFileReference; explicitFileType = wrapper.application; includeInIndex = 0; path = GuessTheFlag.app; sourceTree = BUILT_PRODUCTS_DIR; };
		CD845ED023A57EBF002F5407 /* AppDelegate.swift */ = {isa = PBXFileReference; lastKnownFileType = sourcecode.swift; path = AppDelegate.swift; sourceTree = "<group>"; };
		CD845ED223A57EBF002F5407 /* SceneDelegate.swift */ = {isa = PBXFileReference; lastKnownFileType = sourcecode.swift; path = SceneDelegate.swift; sourceTree = "<group>"; };
		CD845ED623A57EBF002F5407 /* Assets.xcassets */ = {isa = PBXFileReference; lastKnownFileType = folder.assetcatalog; path = Assets.xcassets; sourceTree = "<group>"; };
		CD845ED923A57EBF002F5407 /* Preview Assets.xcassets */ = {isa = PBXFileReference; lastKnownFileType = folder.assetcatalog; path = "Preview Assets.xcassets"; sourceTree = "<group>"; };
		CD845EDC23A57EBF002F5407 /* Base */ = {isa = PBXFileReference; lastKnownFileType = file.storyboard; name = Base; path = Base.lproj/LaunchScreen.storyboard; sourceTree = "<group>"; };
		CD845EDE23A57EBF002F5407 /* Info.plist */ = {isa = PBXFileReference; lastKnownFileType = text.plist.xml; path = Info.plist; sourceTree = "<group>"; };
		CD9CBC8523DCC06F006DFDFF /* GADBannerViewController.swift */ = {isa = PBXFileReference; fileEncoding = 4; lastKnownFileType = sourcecode.swift; path = GADBannerViewController.swift; sourceTree = "<group>"; };
		CD9CBC8823DCC0C7006DFDFF /* GoogleMobileAdsSdkiOS-7.53.1 */ = {isa = PBXFileReference; lastKnownFileType = folder; name = "GoogleMobileAdsSdkiOS-7.53.1"; path = "../../../Downloads/GoogleMobileAdsSdkiOS-7.53.1"; sourceTree = "<group>"; };
		CD9CBC8923DCC0E1006DFDFF /* GoogleMobileAds.framework */ = {isa = PBXFileReference; lastKnownFileType = wrapper.framework; name = GoogleMobileAds.framework; path = "../../../Downloads/GoogleMobileAdsSdkiOS-7.53.1/GoogleMobileAds.framework"; sourceTree = "<group>"; };
		CD9CBC8A23DCC0E1006DFDFF /* GoogleUtilities.framework */ = {isa = PBXFileReference; lastKnownFileType = wrapper.framework; name = GoogleUtilities.framework; path = "../../../Downloads/GoogleMobileAdsSdkiOS-7.53.1/GoogleUtilities.framework"; sourceTree = "<group>"; };
		CD9CBC8B23DCC0E1006DFDFF /* nanopb.framework */ = {isa = PBXFileReference; lastKnownFileType = wrapper.framework; name = nanopb.framework; path = "../../../Downloads/GoogleMobileAdsSdkiOS-7.53.1/nanopb.framework"; sourceTree = "<group>"; };
		CD9CBC8C23DCC0E1006DFDFF /* GoogleAppMeasurement.framework */ = {isa = PBXFileReference; lastKnownFileType = wrapper.framework; name = GoogleAppMeasurement.framework; path = "../../../Downloads/GoogleMobileAdsSdkiOS-7.53.1/GoogleAppMeasurement.framework"; sourceTree = "<group>"; };
/* End PBXFileReference section */

/* Begin PBXFrameworksBuildPhase section */
		CD845ECA23A57EBF002F5407 /* Frameworks */ = {
			isa = PBXFrameworksBuildPhase;
			buildActionMask = 2147483647;
			files = (
				89990D926AE5266B4692941B /* Pods_GuessTheFlag.framework in Frameworks */,
			);
			runOnlyForDeploymentPostprocessing = 0;
		};
/* End PBXFrameworksBuildPhase section */

/* Begin PBXGroup section */
		741424E316FDF37043A33A72 /* Pods */ = {
			isa = PBXGroup;
			children = (
				669E997B769C9B84130A403F /* Pods-GuessTheFlag.debug.xcconfig */,
				A8CB0C6EDA4FF97C5AACCFA2 /* Pods-GuessTheFlag.release.xcconfig */,
			);
			path = Pods;
			sourceTree = "<group>";
		};
		CD1CC44123DDAEC800562596 /* Supporting Views */ = {
			isa = PBXGroup;
			children = (
				CD9CBC8523DCC06F006DFDFF /* GADBannerViewController.swift */,
				CD28C78A23DD9EC5007595CC /* Shake.swift */,
				CD28C78D23DD9F5F007595CC /* FlagImage.swift */,
			);
			path = "Supporting Views";
			sourceTree = "<group>";
		};
		CD28C78C23DD9EE5007595CC /* Models */ = {
			isa = PBXGroup;
			children = (
				CD28C78823DD9E60007595CC /* GameData.swift */,
				CD1CC44123DDAEC800562596 /* Supporting Views */,
				CD28C78F23DDA0B8007595CC /* ContentView.swift */,
			);
			path = Models;
			sourceTree = "<group>";
		};
		CD845EC423A57EBF002F5407 = {
			isa = PBXGroup;
			children = (
				CD845ECF23A57EBF002F5407 /* GuessTheFlag */,
				CD845ECE23A57EBF002F5407 /* Products */,
				CD9CBC8723DCC0C7006DFDFF /* Frameworks */,
				741424E316FDF37043A33A72 /* Pods */,
			);
			sourceTree = "<group>";
		};
		CD845ECE23A57EBF002F5407 /* Products */ = {
			isa = PBXGroup;
			children = (
				CD845ECD23A57EBF002F5407 /* GuessTheFlag.app */,
			);
			name = Products;
			sourceTree = "<group>";
		};
		CD845ECF23A57EBF002F5407 /* GuessTheFlag */ = {
			isa = PBXGroup;
			children = (
				CD845ED023A57EBF002F5407 /* AppDelegate.swift */,
				CD845ED223A57EBF002F5407 /* SceneDelegate.swift */,
				CD28C78C23DD9EE5007595CC /* Models */,
				CD845ED623A57EBF002F5407 /* Assets.xcassets */,
				CD845EDB23A57EBF002F5407 /* LaunchScreen.storyboard */,
				CD845EDE23A57EBF002F5407 /* Info.plist */,
				CD845ED823A57EBF002F5407 /* Preview Content */,
			);
			path = GuessTheFlag;
			sourceTree = "<group>";
		};
		CD845ED823A57EBF002F5407 /* Preview Content */ = {
			isa = PBXGroup;
			children = (
				CD845ED923A57EBF002F5407 /* Preview Assets.xcassets */,
			);
			path = "Preview Content";
			sourceTree = "<group>";
		};
		CD9CBC8723DCC0C7006DFDFF /* Frameworks */ = {
			isa = PBXGroup;
			children = (
				CD9CBC8C23DCC0E1006DFDFF /* GoogleAppMeasurement.framework */,
				CD9CBC8923DCC0E1006DFDFF /* GoogleMobileAds.framework */,
				CD9CBC8A23DCC0E1006DFDFF /* GoogleUtilities.framework */,
				CD9CBC8B23DCC0E1006DFDFF /* nanopb.framework */,
				CD9CBC8823DCC0C7006DFDFF /* GoogleMobileAdsSdkiOS-7.53.1 */,
				66FBCCA55CBFC770F7F9CA5A /* Pods_GuessTheFlag.framework */,
			);
			name = Frameworks;
			sourceTree = "<group>";
		};
/* End PBXGroup section */

/* Begin PBXNativeTarget section */
		CD845ECC23A57EBF002F5407 /* GuessTheFlag */ = {
			isa = PBXNativeTarget;
			buildConfigurationList = CD845EE123A57EBF002F5407 /* Build configuration list for PBXNativeTarget "GuessTheFlag" */;
			buildPhases = (
				F3C1708B7A66829439BFF537 /* [CP] Check Pods Manifest.lock */,
				CD845EC923A57EBF002F5407 /* Sources */,
				CD845ECA23A57EBF002F5407 /* Frameworks */,
				CD845ECB23A57EBF002F5407 /* Resources */,
				B0C3A9B42CCE8916C2F2246F /* [CP] Embed Pods Frameworks */,
			);
			buildRules = (
			);
			dependencies = (
			);
			name = GuessTheFlag;
			productName = GuessTheFlag;
			productReference = CD845ECD23A57EBF002F5407 /* GuessTheFlag.app */;
			productType = "com.apple.product-type.application";
		};
/* End PBXNativeTarget section */

/* Begin PBXProject section */
		CD845EC523A57EBF002F5407 /* Project object */ = {
			isa = PBXProject;
			attributes = {
				LastSwiftUpdateCheck = 1130;
				LastUpgradeCheck = 1130;
				ORGANIZATIONNAME = "Moritz Schaub";
				TargetAttributes = {
					CD845ECC23A57EBF002F5407 = {
						CreatedOnToolsVersion = 11.3;
					};
				};
			};
			buildConfigurationList = CD845EC823A57EBF002F5407 /* Build configuration list for PBXProject "GuessTheFlag" */;
			compatibilityVersion = "Xcode 9.3";
			developmentRegion = en;
			hasScannedForEncodings = 0;
			knownRegions = (
				en,
				Base,
			);
			mainGroup = CD845EC423A57EBF002F5407;
			productRefGroup = CD845ECE23A57EBF002F5407 /* Products */;
			projectDirPath = "";
			projectRoot = "";
			targets = (
				CD845ECC23A57EBF002F5407 /* GuessTheFlag */,
			);
		};
/* End PBXProject section */

/* Begin PBXResourcesBuildPhase section */
		CD845ECB23A57EBF002F5407 /* Resources */ = {
			isa = PBXResourcesBuildPhase;
			buildActionMask = 2147483647;
			files = (
				CD845EDD23A57EBF002F5407 /* LaunchScreen.storyboard in Resources */,
				CD845EDA23A57EBF002F5407 /* Preview Assets.xcassets in Resources */,
				CD845ED723A57EBF002F5407 /* Assets.xcassets in Resources */,
			);
			runOnlyForDeploymentPostprocessing = 0;
		};
/* End PBXResourcesBuildPhase section */

/* Begin PBXShellScriptBuildPhase section */
		B0C3A9B42CCE8916C2F2246F /* [CP] Embed Pods Frameworks */ = {
			isa = PBXShellScriptBuildPhase;
			buildActionMask = 2147483647;
			files = (
			);
			inputFileListPaths = (
				"${PODS_ROOT}/Target Support Files/Pods-GuessTheFlag/Pods-GuessTheFlag-frameworks-${CONFIGURATION}-input-files.xcfilelist",
			);
			name = "[CP] Embed Pods Frameworks";
			outputFileListPaths = (
				"${PODS_ROOT}/Target Support Files/Pods-GuessTheFlag/Pods-GuessTheFlag-frameworks-${CONFIGURATION}-output-files.xcfilelist",
			);
			runOnlyForDeploymentPostprocessing = 0;
			shellPath = /bin/sh;
			shellScript = "\"${PODS_ROOT}/Target Support Files/Pods-GuessTheFlag/Pods-GuessTheFlag-frameworks.sh\"\n";
			showEnvVarsInLog = 0;
		};
		F3C1708B7A66829439BFF537 /* [CP] Check Pods Manifest.lock */ = {
			isa = PBXShellScriptBuildPhase;
			buildActionMask = 2147483647;
			files = (
			);
			inputFileListPaths = (
			);
			inputPaths = (
				"${PODS_PODFILE_DIR_PATH}/Podfile.lock",
				"${PODS_ROOT}/Manifest.lock",
			);
			name = "[CP] Check Pods Manifest.lock";
			outputFileListPaths = (
			);
			outputPaths = (
				"$(DERIVED_FILE_DIR)/Pods-GuessTheFlag-checkManifestLockResult.txt",
			);
			runOnlyForDeploymentPostprocessing = 0;
			shellPath = /bin/sh;
			shellScript = "diff \"${PODS_PODFILE_DIR_PATH}/Podfile.lock\" \"${PODS_ROOT}/Manifest.lock\" > /dev/null\nif [ $? != 0 ] ; then\n    # print error to STDERR\n    echo \"error: The sandbox is not in sync with the Podfile.lock. Run 'pod install' or update your CocoaPods installation.\" >&2\n    exit 1\nfi\n# This output is used by Xcode 'outputs' to avoid re-running this script phase.\necho \"SUCCESS\" > \"${SCRIPT_OUTPUT_FILE_0}\"\n";
			showEnvVarsInLog = 0;
		};
/* End PBXShellScriptBuildPhase section */

/* Begin PBXSourcesBuildPhase section */
		CD845EC923A57EBF002F5407 /* Sources */ = {
			isa = PBXSourcesBuildPhase;
			buildActionMask = 2147483647;
			files = (
				CD9CBC8623DCC06F006DFDFF /* GADBannerViewController.swift in Sources */,
				CD28C78923DD9E60007595CC /* GameData.swift in Sources */,
				CD845ED123A57EBF002F5407 /* AppDelegate.swift in Sources */,
				CD28C78E23DD9F5F007595CC /* FlagImage.swift in Sources */,
				CD28C79023DDA0B8007595CC /* ContentView.swift in Sources */,
				CD28C78B23DD9EC5007595CC /* Shake.swift in Sources */,
				CD845ED323A57EBF002F5407 /* SceneDelegate.swift in Sources */,
			);
			runOnlyForDeploymentPostprocessing = 0;
		};
/* End PBXSourcesBuildPhase section */

/* Begin PBXVariantGroup section */
		CD845EDB23A57EBF002F5407 /* LaunchScreen.storyboard */ = {
			isa = PBXVariantGroup;
			children = (
				CD845EDC23A57EBF002F5407 /* Base */,
			);
			name = LaunchScreen.storyboard;
			sourceTree = "<group>";
		};
/* End PBXVariantGroup section */

/* Begin XCBuildConfiguration section */
		CD845EDF23A57EBF002F5407 /* Debug */ = {
			isa = XCBuildConfiguration;
			buildSettings = {
				ALWAYS_SEARCH_USER_PATHS = NO;
				CLANG_ANALYZER_NONNULL = YES;
				CLANG_ANALYZER_NUMBER_OBJECT_CONVERSION = YES_AGGRESSIVE;
				CLANG_CXX_LANGUAGE_STANDARD = "gnu++14";
				CLANG_CXX_LIBRARY = "libc++";
				CLANG_ENABLE_MODULES = YES;
				CLANG_ENABLE_OBJC_ARC = YES;
				CLANG_ENABLE_OBJC_WEAK = YES;
				CLANG_WARN_BLOCK_CAPTURE_AUTORELEASING = YES;
				CLANG_WARN_BOOL_CONVERSION = YES;
				CLANG_WARN_COMMA = YES;
				CLANG_WARN_CONSTANT_CONVERSION = YES;
				CLANG_WARN_DEPRECATED_OBJC_IMPLEMENTATIONS = YES;
				CLANG_WARN_DIRECT_OBJC_ISA_USAGE = YES_ERROR;
				CLANG_WARN_DOCUMENTATION_COMMENTS = YES;
				CLANG_WARN_EMPTY_BODY = YES;
				CLANG_WARN_ENUM_CONVERSION = YES;
				CLANG_WARN_INFINITE_RECURSION = YES;
				CLANG_WARN_INT_CONVERSION = YES;
				CLANG_WARN_NON_LITERAL_NULL_CONVERSION = YES;
				CLANG_WARN_OBJC_IMPLICIT_RETAIN_SELF = YES;
				CLANG_WARN_OBJC_LITERAL_CONVERSION = YES;
				CLANG_WARN_OBJC_ROOT_CLASS = YES_ERROR;
				CLANG_WARN_RANGE_LOOP_ANALYSIS = YES;
				CLANG_WARN_STRICT_PROTOTYPES = YES;
				CLANG_WARN_SUSPICIOUS_MOVE = YES;
				CLANG_WARN_UNGUARDED_AVAILABILITY = YES_AGGRESSIVE;
				CLANG_WARN_UNREACHABLE_CODE = YES;
				CLANG_WARN__DUPLICATE_METHOD_MATCH = YES;
				COPY_PHASE_STRIP = NO;
				DEBUG_INFORMATION_FORMAT = dwarf;
				ENABLE_STRICT_OBJC_MSGSEND = YES;
				ENABLE_TESTABILITY = YES;
				GCC_C_LANGUAGE_STANDARD = gnu11;
				GCC_DYNAMIC_NO_PIC = NO;
				GCC_NO_COMMON_BLOCKS = YES;
				GCC_OPTIMIZATION_LEVEL = 0;
				GCC_PREPROCESSOR_DEFINITIONS = (
					"DEBUG=1",
					"$(inherited)",
				);
				GCC_WARN_64_TO_32_BIT_CONVERSION = YES;
				GCC_WARN_ABOUT_RETURN_TYPE = YES_ERROR;
				GCC_WARN_UNDECLARED_SELECTOR = YES;
				GCC_WARN_UNINITIALIZED_AUTOS = YES_AGGRESSIVE;
				GCC_WARN_UNUSED_FUNCTION = YES;
				GCC_WARN_UNUSED_VARIABLE = YES;
				IPHONEOS_DEPLOYMENT_TARGET = 13.2;
				MTL_ENABLE_DEBUG_INFO = INCLUDE_SOURCE;
				MTL_FAST_MATH = YES;
				ONLY_ACTIVE_ARCH = YES;
				OTHER_LDFLAGS = "";
				SDKROOT = iphoneos;
				SWIFT_ACTIVE_COMPILATION_CONDITIONS = DEBUG;
				SWIFT_OPTIMIZATION_LEVEL = "-Onone";
			};
			name = Debug;
		};
		CD845EE023A57EBF002F5407 /* Release */ = {
			isa = XCBuildConfiguration;
			buildSettings = {
				ALWAYS_SEARCH_USER_PATHS = NO;
				CLANG_ANALYZER_NONNULL = YES;
				CLANG_ANALYZER_NUMBER_OBJECT_CONVERSION = YES_AGGRESSIVE;
				CLANG_CXX_LANGUAGE_STANDARD = "gnu++14";
				CLANG_CXX_LIBRARY = "libc++";
				CLANG_ENABLE_MODULES = YES;
				CLANG_ENABLE_OBJC_ARC = YES;
				CLANG_ENABLE_OBJC_WEAK = YES;
				CLANG_WARN_BLOCK_CAPTURE_AUTORELEASING = YES;
				CLANG_WARN_BOOL_CONVERSION = YES;
				CLANG_WARN_COMMA = YES;
				CLANG_WARN_CONSTANT_CONVERSION = YES;
				CLANG_WARN_DEPRECATED_OBJC_IMPLEMENTATIONS = YES;
				CLANG_WARN_DIRECT_OBJC_ISA_USAGE = YES_ERROR;
				CLANG_WARN_DOCUMENTATION_COMMENTS = YES;
				CLANG_WARN_EMPTY_BODY = YES;
				CLANG_WARN_ENUM_CONVERSION = YES;
				CLANG_WARN_INFINITE_RECURSION = YES;
				CLANG_WARN_INT_CONVERSION = YES;
				CLANG_WARN_NON_LITERAL_NULL_CONVERSION = YES;
				CLANG_WARN_OBJC_IMPLICIT_RETAIN_SELF = YES;
				CLANG_WARN_OBJC_LITERAL_CONVERSION = YES;
				CLANG_WARN_OBJC_ROOT_CLASS = YES_ERROR;
				CLANG_WARN_RANGE_LOOP_ANALYSIS = YES;
				CLANG_WARN_STRICT_PROTOTYPES = YES;
				CLANG_WARN_SUSPICIOUS_MOVE = YES;
				CLANG_WARN_UNGUARDED_AVAILABILITY = YES_AGGRESSIVE;
				CLANG_WARN_UNREACHABLE_CODE = YES;
				CLANG_WARN__DUPLICATE_METHOD_MATCH = YES;
				COPY_PHASE_STRIP = NO;
				DEBUG_INFORMATION_FORMAT = "dwarf-with-dsym";
				ENABLE_NS_ASSERTIONS = NO;
				ENABLE_STRICT_OBJC_MSGSEND = YES;
				GCC_C_LANGUAGE_STANDARD = gnu11;
				GCC_NO_COMMON_BLOCKS = YES;
				GCC_WARN_64_TO_32_BIT_CONVERSION = YES;
				GCC_WARN_ABOUT_RETURN_TYPE = YES_ERROR;
				GCC_WARN_UNDECLARED_SELECTOR = YES;
				GCC_WARN_UNINITIALIZED_AUTOS = YES_AGGRESSIVE;
				GCC_WARN_UNUSED_FUNCTION = YES;
				GCC_WARN_UNUSED_VARIABLE = YES;
				IPHONEOS_DEPLOYMENT_TARGET = 13.2;
				MTL_ENABLE_DEBUG_INFO = NO;
				MTL_FAST_MATH = YES;
				OTHER_LDFLAGS = "";
				SDKROOT = iphoneos;
				SWIFT_COMPILATION_MODE = wholemodule;
				SWIFT_OPTIMIZATION_LEVEL = "-O";
				VALIDATE_PRODUCT = YES;
			};
			name = Release;
		};
		CD845EE223A57EBF002F5407 /* Debug */ = {
			isa = XCBuildConfiguration;
			baseConfigurationReference = 669E997B769C9B84130A403F /* Pods-GuessTheFlag.debug.xcconfig */;
			buildSettings = {
				ASSETCATALOG_COMPILER_APPICON_NAME = AppIcon;
				CODE_SIGN_STYLE = Automatic;
				DEVELOPMENT_ASSET_PATHS = "\"GuessTheFlag/Preview Content\"";
				DEVELOPMENT_TEAM = 2WV4PNAXJT;
				ENABLE_PREVIEWS = YES;
				INFOPLIST_FILE = GuessTheFlag/Info.plist;
				LD_RUNPATH_SEARCH_PATHS = (
					"$(inherited)",
					"@executable_path/Frameworks",
				);
				LINK_WITH_STANDARD_LIBRARIES = YES;
				OTHER_LDFLAGS = "$(inherited)";
				PRODUCT_BUNDLE_IDENTIFIER = com.moritzschaub.GuessTheFlag;
				PRODUCT_NAME = "$(TARGET_NAME)";
				SWIFT_VERSION = 5.0;
				TARGETED_DEVICE_FAMILY = 1;
			};
			name = Debug;
		};
		CD845EE323A57EBF002F5407 /* Release */ = {
			isa = XCBuildConfiguration;
			baseConfigurationReference = A8CB0C6EDA4FF97C5AACCFA2 /* Pods-GuessTheFlag.release.xcconfig */;
			buildSettings = {
				ASSETCATALOG_COMPILER_APPICON_NAME = AppIcon;
				CODE_SIGN_STYLE = Automatic;
				DEVELOPMENT_ASSET_PATHS = "\"GuessTheFlag/Preview Content\"";
				DEVELOPMENT_TEAM = 2WV4PNAXJT;
				ENABLE_PREVIEWS = YES;
				INFOPLIST_FILE = GuessTheFlag/Info.plist;
				LD_RUNPATH_SEARCH_PATHS = (
					"$(inherited)",
					"@executable_path/Frameworks",
				);
				LINK_WITH_STANDARD_LIBRARIES = YES;
				OTHER_LDFLAGS = "$(inherited)";
				PRODUCT_BUNDLE_IDENTIFIER = com.moritzschaub.GuessTheFlag;
				PRODUCT_NAME = "$(TARGET_NAME)";
				SWIFT_VERSION = 5.0;
				TARGETED_DEVICE_FAMILY = 1;
			};
			name = Release;
		};
/* End XCBuildConfiguration section */

/* Begin XCConfigurationList section */
		CD845EC823A57EBF002F5407 /* Build configuration list for PBXProject "GuessTheFlag" */ = {
			isa = XCConfigurationList;
			buildConfigurations = (
				CD845EDF23A57EBF002F5407 /* Debug */,
				CD845EE023A57EBF002F5407 /* Release */,
			);
			defaultConfigurationIsVisible = 0;
			defaultConfigurationName = Release;
		};
		CD845EE123A57EBF002F5407 /* Build configuration list for PBXNativeTarget "GuessTheFlag" */ = {
			isa = XCConfigurationList;
			buildConfigurations = (
				CD845EE223A57EBF002F5407 /* Debug */,
				CD845EE323A57EBF002F5407 /* Release */,
			);
			defaultConfigurationIsVisible = 0;
			defaultConfigurationName = Release;
		};
/* End XCConfigurationList section */
	};
	rootObject = CD845EC523A57EBF002F5407 /* Project object */;
}
